// !$*UTF8*$!
{
	archiveVersion = 1;
	classes = {
	};
	objectVersion = 51;
	objects = {

/* Begin PBXBuildFile section */
		2C0ADDE223FEBA8C00928CC5 /* AppDelegate.swift in Sources */ = {isa = PBXBuildFile; fileRef = 2C0ADDE123FEBA8C00928CC5 /* AppDelegate.swift */; };
		2C0ADDE723FEBA8C00928CC5 /* Take_That_Break.xcdatamodeld in Sources */ = {isa = PBXBuildFile; fileRef = 2C0ADDE523FEBA8C00928CC5 /* Take_That_Break.xcdatamodeld */; };
		2C0ADDE923FEBA8D00928CC5 /* Assets.xcassets in Resources */ = {isa = PBXBuildFile; fileRef = 2C0ADDE823FEBA8D00928CC5 /* Assets.xcassets */; };
		2C0ADDEC23FEBA8D00928CC5 /* Preview Assets.xcassets in Resources */ = {isa = PBXBuildFile; fileRef = 2C0ADDEB23FEBA8D00928CC5 /* Preview Assets.xcassets */; };
		2C0ADDEF23FEBA8D00928CC5 /* Main.storyboard in Resources */ = {isa = PBXBuildFile; fileRef = 2C0ADDED23FEBA8D00928CC5 /* Main.storyboard */; };
		2C0ADDFB23FEBA8D00928CC5 /* Take_That_BreakTests.swift in Sources */ = {isa = PBXBuildFile; fileRef = 2C0ADDFA23FEBA8D00928CC5 /* Take_That_BreakTests.swift */; };
		2C0ADE0623FEBA8E00928CC5 /* Take_That_BreakUITests.swift in Sources */ = {isa = PBXBuildFile; fileRef = 2C0ADE0523FEBA8E00928CC5 /* Take_That_BreakUITests.swift */; };
		2C0BF988240019B300A02D49 /* PreferencesViewController.swift in Sources */ = {isa = PBXBuildFile; fileRef = 2C0BF987240019B300A02D49 /* PreferencesViewController.swift */; };
		2CD4571E240538A0009A8C7C /* Constants.swift in Sources */ = {isa = PBXBuildFile; fileRef = 2CD4571D240538A0009A8C7C /* Constants.swift */; };
		2CD4572024053FF3009A8C7C /* TimeForBreakViewController.swift in Sources */ = {isa = PBXBuildFile; fileRef = 2CD4571F24053FF3009A8C7C /* TimeForBreakViewController.swift */; };
		9DBA4AA3C878F1690A800CE9 /* Pods_Take_That_BreakTests.framework in Frameworks */ = {isa = PBXBuildFile; fileRef = BFD7D02627F41BFFBA7676AF /* Pods_Take_That_BreakTests.framework */; };
		C52BA992819970CA0F3E0E8D /* Pods_Take_That_Break.framework in Frameworks */ = {isa = PBXBuildFile; fileRef = 56A2F385216A0F6088825727 /* Pods_Take_That_Break.framework */; };
		DAB6888F4AB1AB487E588D22 /* Pods_Take_That_Break_Take_That_BreakUITests.framework in Frameworks */ = {isa = PBXBuildFile; fileRef = 0355A0FEC60B60718A106DE2 /* Pods_Take_That_Break_Take_That_BreakUITests.framework */; };
/* End PBXBuildFile section */

/* Begin PBXContainerItemProxy section */
		2C0ADDF723FEBA8D00928CC5 /* PBXContainerItemProxy */ = {
			isa = PBXContainerItemProxy;
			containerPortal = 2C0ADDD623FEBA8C00928CC5 /* Project object */;
			proxyType = 1;
			remoteGlobalIDString = 2C0ADDDD23FEBA8C00928CC5;
			remoteInfo = "Take That Break";
		};
		2C0ADE0223FEBA8E00928CC5 /* PBXContainerItemProxy */ = {
			isa = PBXContainerItemProxy;
			containerPortal = 2C0ADDD623FEBA8C00928CC5 /* Project object */;
			proxyType = 1;
			remoteGlobalIDString = 2C0ADDDD23FEBA8C00928CC5;
			remoteInfo = "Take That Break";
		};
/* End PBXContainerItemProxy section */

/* Begin PBXFileReference section */
		0355A0FEC60B60718A106DE2 /* Pods_Take_That_Break_Take_That_BreakUITests.framework */ = {isa = PBXFileReference; explicitFileType = wrapper.framework; includeInIndex = 0; path = Pods_Take_That_Break_Take_That_BreakUITests.framework; sourceTree = BUILT_PRODUCTS_DIR; };
		066E38B22468114BF9A08B94 /* Pods-Take That BreakTests.release.xcconfig */ = {isa = PBXFileReference; includeInIndex = 1; lastKnownFileType = text.xcconfig; name = "Pods-Take That BreakTests.release.xcconfig"; path = "Target Support Files/Pods-Take That BreakTests/Pods-Take That BreakTests.release.xcconfig"; sourceTree = "<group>"; };
		0CAD9309BF94C4EC9EB48EDB /* Pods-Take That Break-Take That BreakUITests.release.xcconfig */ = {isa = PBXFileReference; includeInIndex = 1; lastKnownFileType = text.xcconfig; name = "Pods-Take That Break-Take That BreakUITests.release.xcconfig"; path = "Target Support Files/Pods-Take That Break-Take That BreakUITests/Pods-Take That Break-Take That BreakUITests.release.xcconfig"; sourceTree = "<group>"; };
		2C0ADDDE23FEBA8C00928CC5 /* Take That Break.app */ = {isa = PBXFileReference; explicitFileType = wrapper.application; includeInIndex = 0; path = "Take That Break.app"; sourceTree = BUILT_PRODUCTS_DIR; };
		2C0ADDE123FEBA8C00928CC5 /* AppDelegate.swift */ = {isa = PBXFileReference; lastKnownFileType = sourcecode.swift; path = AppDelegate.swift; sourceTree = "<group>"; };
		2C0ADDE623FEBA8C00928CC5 /* Take_That_Break.xcdatamodel */ = {isa = PBXFileReference; lastKnownFileType = wrapper.xcdatamodel; path = Take_That_Break.xcdatamodel; sourceTree = "<group>"; };
		2C0ADDE823FEBA8D00928CC5 /* Assets.xcassets */ = {isa = PBXFileReference; lastKnownFileType = folder.assetcatalog; path = Assets.xcassets; sourceTree = "<group>"; };
		2C0ADDEB23FEBA8D00928CC5 /* Preview Assets.xcassets */ = {isa = PBXFileReference; lastKnownFileType = folder.assetcatalog; path = "Preview Assets.xcassets"; sourceTree = "<group>"; };
		2C0ADDEE23FEBA8D00928CC5 /* Base */ = {isa = PBXFileReference; lastKnownFileType = file.storyboard; name = Base; path = Base.lproj/Main.storyboard; sourceTree = "<group>"; };
		2C0ADDF023FEBA8D00928CC5 /* Info.plist */ = {isa = PBXFileReference; lastKnownFileType = text.plist.xml; path = Info.plist; sourceTree = "<group>"; };
		2C0ADDF123FEBA8D00928CC5 /* Take_That_Break.entitlements */ = {isa = PBXFileReference; lastKnownFileType = text.plist.entitlements; path = Take_That_Break.entitlements; sourceTree = "<group>"; };
		2C0ADDF623FEBA8D00928CC5 /* Take That BreakTests.xctest */ = {isa = PBXFileReference; explicitFileType = wrapper.cfbundle; includeInIndex = 0; path = "Take That BreakTests.xctest"; sourceTree = BUILT_PRODUCTS_DIR; };
		2C0ADDFA23FEBA8D00928CC5 /* Take_That_BreakTests.swift */ = {isa = PBXFileReference; lastKnownFileType = sourcecode.swift; path = Take_That_BreakTests.swift; sourceTree = "<group>"; };
		2C0ADDFC23FEBA8D00928CC5 /* Info.plist */ = {isa = PBXFileReference; lastKnownFileType = text.plist.xml; path = Info.plist; sourceTree = "<group>"; };
		2C0ADE0123FEBA8E00928CC5 /* Take That BreakUITests.xctest */ = {isa = PBXFileReference; explicitFileType = wrapper.cfbundle; includeInIndex = 0; path = "Take That BreakUITests.xctest"; sourceTree = BUILT_PRODUCTS_DIR; };
		2C0ADE0523FEBA8E00928CC5 /* Take_That_BreakUITests.swift */ = {isa = PBXFileReference; lastKnownFileType = sourcecode.swift; path = Take_That_BreakUITests.swift; sourceTree = "<group>"; };
		2C0ADE0723FEBA8E00928CC5 /* Info.plist */ = {isa = PBXFileReference; lastKnownFileType = text.plist.xml; path = Info.plist; sourceTree = "<group>"; };
		2C0BF987240019B300A02D49 /* PreferencesViewController.swift */ = {isa = PBXFileReference; lastKnownFileType = sourcecode.swift; path = PreferencesViewController.swift; sourceTree = "<group>"; };
		2C0BF98A24003A9400A02D49 /* Development.xcconfig */ = {isa = PBXFileReference; lastKnownFileType = text.xcconfig; path = Development.xcconfig; sourceTree = "<group>"; };
		2C0BF98B24003AFC00A02D49 /* Staging.xcconfig */ = {isa = PBXFileReference; lastKnownFileType = text.xcconfig; path = Staging.xcconfig; sourceTree = "<group>"; };
		2C0BF98C24003B0C00A02D49 /* Production.xcconfig */ = {isa = PBXFileReference; lastKnownFileType = text.xcconfig; path = Production.xcconfig; sourceTree = "<group>"; };
		2CD4571D240538A0009A8C7C /* Constants.swift */ = {isa = PBXFileReference; lastKnownFileType = sourcecode.swift; path = Constants.swift; sourceTree = "<group>"; };
		2CD4571F24053FF3009A8C7C /* TimeForBreakViewController.swift */ = {isa = PBXFileReference; lastKnownFileType = sourcecode.swift; path = TimeForBreakViewController.swift; sourceTree = "<group>"; };
		56A2F385216A0F6088825727 /* Pods_Take_That_Break.framework */ = {isa = PBXFileReference; explicitFileType = wrapper.framework; includeInIndex = 0; path = Pods_Take_That_Break.framework; sourceTree = BUILT_PRODUCTS_DIR; };
		6BB89BB2DF175157E35D0609 /* Pods-Take That Break-Take That BreakUITests.debug.xcconfig */ = {isa = PBXFileReference; includeInIndex = 1; lastKnownFileType = text.xcconfig; name = "Pods-Take That Break-Take That BreakUITests.debug.xcconfig"; path = "Target Support Files/Pods-Take That Break-Take That BreakUITests/Pods-Take That Break-Take That BreakUITests.debug.xcconfig"; sourceTree = "<group>"; };
		7874BBF445B96B8D11612A0D /* Pods-Take That BreakTests.debug.xcconfig */ = {isa = PBXFileReference; includeInIndex = 1; lastKnownFileType = text.xcconfig; name = "Pods-Take That BreakTests.debug.xcconfig"; path = "Target Support Files/Pods-Take That BreakTests/Pods-Take That BreakTests.debug.xcconfig"; sourceTree = "<group>"; };
		8B3C0E6A316067ED767D687D /* Pods-Take That Break.debug.xcconfig */ = {isa = PBXFileReference; includeInIndex = 1; lastKnownFileType = text.xcconfig; name = "Pods-Take That Break.debug.xcconfig"; path = "Target Support Files/Pods-Take That Break/Pods-Take That Break.debug.xcconfig"; sourceTree = "<group>"; };
		9DE1787A1836D32B5484028C /* Pods-Take That Break.release.xcconfig */ = {isa = PBXFileReference; includeInIndex = 1; lastKnownFileType = text.xcconfig; name = "Pods-Take That Break.release.xcconfig"; path = "Target Support Files/Pods-Take That Break/Pods-Take That Break.release.xcconfig"; sourceTree = "<group>"; };
		BFD7D02627F41BFFBA7676AF /* Pods_Take_That_BreakTests.framework */ = {isa = PBXFileReference; explicitFileType = wrapper.framework; includeInIndex = 0; path = Pods_Take_That_BreakTests.framework; sourceTree = BUILT_PRODUCTS_DIR; };
/* End PBXFileReference section */

/* Begin PBXFrameworksBuildPhase section */
		2C0ADDDB23FEBA8C00928CC5 /* Frameworks */ = {
			isa = PBXFrameworksBuildPhase;
			buildActionMask = 2147483647;
			files = (
				C52BA992819970CA0F3E0E8D /* Pods_Take_That_Break.framework in Frameworks */,
			);
			runOnlyForDeploymentPostprocessing = 0;
		};
		2C0ADDF323FEBA8D00928CC5 /* Frameworks */ = {
			isa = PBXFrameworksBuildPhase;
			buildActionMask = 2147483647;
			files = (
				9DBA4AA3C878F1690A800CE9 /* Pods_Take_That_BreakTests.framework in Frameworks */,
			);
			runOnlyForDeploymentPostprocessing = 0;
		};
		2C0ADDFE23FEBA8E00928CC5 /* Frameworks */ = {
			isa = PBXFrameworksBuildPhase;
			buildActionMask = 2147483647;
			files = (
				DAB6888F4AB1AB487E588D22 /* Pods_Take_That_Break_Take_That_BreakUITests.framework in Frameworks */,
			);
			runOnlyForDeploymentPostprocessing = 0;
		};
/* End PBXFrameworksBuildPhase section */

/* Begin PBXGroup section */
		2C0ADDD523FEBA8C00928CC5 = {
			isa = PBXGroup;
			children = (
				2C0ADDE023FEBA8C00928CC5 /* Take That Break */,
				2C0ADDF923FEBA8D00928CC5 /* Take That BreakTests */,
				2C0ADE0423FEBA8E00928CC5 /* Take That BreakUITests */,
				2C0ADDDF23FEBA8C00928CC5 /* Products */,
				76498CB7920D3CD07E439376 /* Pods */,
				B66E141258F20D7E99D1AC7F /* Frameworks */,
			);
			sourceTree = "<group>";
		};
		2C0ADDDF23FEBA8C00928CC5 /* Products */ = {
			isa = PBXGroup;
			children = (
				2C0ADDDE23FEBA8C00928CC5 /* Take That Break.app */,
				2C0ADDF623FEBA8D00928CC5 /* Take That BreakTests.xctest */,
				2C0ADE0123FEBA8E00928CC5 /* Take That BreakUITests.xctest */,
			);
			name = Products;
			sourceTree = "<group>";
		};
		2C0ADDE023FEBA8C00928CC5 /* Take That Break */ = {
			isa = PBXGroup;
			children = (
				2C0ADDE123FEBA8C00928CC5 /* AppDelegate.swift */,
				2C0BF987240019B300A02D49 /* PreferencesViewController.swift */,
				2CD4571F24053FF3009A8C7C /* TimeForBreakViewController.swift */,
				2C0ADDE823FEBA8D00928CC5 /* Assets.xcassets */,
				2C0ADDED23FEBA8D00928CC5 /* Main.storyboard */,
				2C0ADDF023FEBA8D00928CC5 /* Info.plist */,
				2C0ADDF123FEBA8D00928CC5 /* Take_That_Break.entitlements */,
				2C0ADDE523FEBA8C00928CC5 /* Take_That_Break.xcdatamodeld */,
				2C0ADDEA23FEBA8D00928CC5 /* Preview Content */,
				2C0BF98A24003A9400A02D49 /* Development.xcconfig */,
				2C0BF98B24003AFC00A02D49 /* Staging.xcconfig */,
				2C0BF98C24003B0C00A02D49 /* Production.xcconfig */,
				2CD4571D240538A0009A8C7C /* Constants.swift */,
			);
			path = "Take That Break";
			sourceTree = "<group>";
		};
		2C0ADDEA23FEBA8D00928CC5 /* Preview Content */ = {
			isa = PBXGroup;
			children = (
				2C0ADDEB23FEBA8D00928CC5 /* Preview Assets.xcassets */,
			);
			path = "Preview Content";
			sourceTree = "<group>";
		};
		2C0ADDF923FEBA8D00928CC5 /* Take That BreakTests */ = {
			isa = PBXGroup;
			children = (
				2C0ADDFA23FEBA8D00928CC5 /* Take_That_BreakTests.swift */,
				2C0ADDFC23FEBA8D00928CC5 /* Info.plist */,
			);
			path = "Take That BreakTests";
			sourceTree = "<group>";
		};
		2C0ADE0423FEBA8E00928CC5 /* Take That BreakUITests */ = {
			isa = PBXGroup;
			children = (
				2C0ADE0523FEBA8E00928CC5 /* Take_That_BreakUITests.swift */,
				2C0ADE0723FEBA8E00928CC5 /* Info.plist */,
			);
			path = "Take That BreakUITests";
			sourceTree = "<group>";
		};
		76498CB7920D3CD07E439376 /* Pods */ = {
			isa = PBXGroup;
			children = (
				8B3C0E6A316067ED767D687D /* Pods-Take That Break.debug.xcconfig */,
				9DE1787A1836D32B5484028C /* Pods-Take That Break.release.xcconfig */,
				6BB89BB2DF175157E35D0609 /* Pods-Take That Break-Take That BreakUITests.debug.xcconfig */,
				0CAD9309BF94C4EC9EB48EDB /* Pods-Take That Break-Take That BreakUITests.release.xcconfig */,
				7874BBF445B96B8D11612A0D /* Pods-Take That BreakTests.debug.xcconfig */,
				066E38B22468114BF9A08B94 /* Pods-Take That BreakTests.release.xcconfig */,
			);
			path = Pods;
			sourceTree = "<group>";
		};
		B66E141258F20D7E99D1AC7F /* Frameworks */ = {
			isa = PBXGroup;
			children = (
				56A2F385216A0F6088825727 /* Pods_Take_That_Break.framework */,
				0355A0FEC60B60718A106DE2 /* Pods_Take_That_Break_Take_That_BreakUITests.framework */,
				BFD7D02627F41BFFBA7676AF /* Pods_Take_That_BreakTests.framework */,
			);
			name = Frameworks;
			sourceTree = "<group>";
		};
/* End PBXGroup section */

/* Begin PBXNativeTarget section */
		2C0ADDDD23FEBA8C00928CC5 /* Take That Break */ = {
			isa = PBXNativeTarget;
			buildConfigurationList = 2C0ADE0A23FEBA8E00928CC5 /* Build configuration list for PBXNativeTarget "Take That Break" */;
			buildPhases = (
				EB75012DFDF9801E88604EF4 /* [CP] Check Pods Manifest.lock */,
				2C0ADDDA23FEBA8C00928CC5 /* Sources */,
				2C0ADDDB23FEBA8C00928CC5 /* Frameworks */,
				2C0ADDDC23FEBA8C00928CC5 /* Resources */,
				1A5646245E2C4735A15BE60E /* [CP] Embed Pods Frameworks */,
			);
			buildRules = (
			);
			dependencies = (
			);
			name = "Take That Break";
			productName = "Take That Break";
			productReference = 2C0ADDDE23FEBA8C00928CC5 /* Take That Break.app */;
			productType = "com.apple.product-type.application";
		};
		2C0ADDF523FEBA8D00928CC5 /* Take That BreakTests */ = {
			isa = PBXNativeTarget;
			buildConfigurationList = 2C0ADE0D23FEBA8E00928CC5 /* Build configuration list for PBXNativeTarget "Take That BreakTests" */;
			buildPhases = (
				28589A5A263B64C44689A111 /* [CP] Check Pods Manifest.lock */,
				2C0ADDF223FEBA8D00928CC5 /* Sources */,
				2C0ADDF323FEBA8D00928CC5 /* Frameworks */,
				2C0ADDF423FEBA8D00928CC5 /* Resources */,
			);
			buildRules = (
			);
			dependencies = (
				2C0ADDF823FEBA8D00928CC5 /* PBXTargetDependency */,
			);
			name = "Take That BreakTests";
			productName = "Take That BreakTests";
			productReference = 2C0ADDF623FEBA8D00928CC5 /* Take That BreakTests.xctest */;
			productType = "com.apple.product-type.bundle.unit-test";
		};
		2C0ADE0023FEBA8E00928CC5 /* Take That BreakUITests */ = {
			isa = PBXNativeTarget;
			buildConfigurationList = 2C0ADE1023FEBA8E00928CC5 /* Build configuration list for PBXNativeTarget "Take That BreakUITests" */;
			buildPhases = (
				ECF2F72C916FE7B15A0C05CE /* [CP] Check Pods Manifest.lock */,
				2C0ADDFD23FEBA8E00928CC5 /* Sources */,
				2C0ADDFE23FEBA8E00928CC5 /* Frameworks */,
				2C0ADDFF23FEBA8E00928CC5 /* Resources */,
				2B413638CCA8FEF3654BFF96 /* [CP] Embed Pods Frameworks */,
			);
			buildRules = (
			);
			dependencies = (
				2C0ADE0323FEBA8E00928CC5 /* PBXTargetDependency */,
			);
			name = "Take That BreakUITests";
			productName = "Take That BreakUITests";
			productReference = 2C0ADE0123FEBA8E00928CC5 /* Take That BreakUITests.xctest */;
			productType = "com.apple.product-type.bundle.ui-testing";
		};
/* End PBXNativeTarget section */

/* Begin PBXProject section */
		2C0ADDD623FEBA8C00928CC5 /* Project object */ = {
			isa = PBXProject;
			attributes = {
				LastSwiftUpdateCheck = 1130;
				LastUpgradeCheck = 1130;
				ORGANIZATIONNAME = "Dragos Strugar";
				TargetAttributes = {
					2C0ADDDD23FEBA8C00928CC5 = {
						CreatedOnToolsVersion = 11.3.1;
					};
					2C0ADDF523FEBA8D00928CC5 = {
						CreatedOnToolsVersion = 11.3.1;
						TestTargetID = 2C0ADDDD23FEBA8C00928CC5;
					};
					2C0ADE0023FEBA8E00928CC5 = {
						CreatedOnToolsVersion = 11.3.1;
						TestTargetID = 2C0ADDDD23FEBA8C00928CC5;
					};
				};
			};
			buildConfigurationList = 2C0ADDD923FEBA8C00928CC5 /* Build configuration list for PBXProject "Take That Break" */;
			compatibilityVersion = "Xcode 9.3";
			developmentRegion = en;
			hasScannedForEncodings = 0;
			knownRegions = (
				en,
				Base,
			);
			mainGroup = 2C0ADDD523FEBA8C00928CC5;
			productRefGroup = 2C0ADDDF23FEBA8C00928CC5 /* Products */;
			projectDirPath = "";
			projectRoot = "";
			targets = (
				2C0ADDDD23FEBA8C00928CC5 /* Take That Break */,
				2C0ADDF523FEBA8D00928CC5 /* Take That BreakTests */,
				2C0ADE0023FEBA8E00928CC5 /* Take That BreakUITests */,
			);
		};
/* End PBXProject section */

/* Begin PBXResourcesBuildPhase section */
		2C0ADDDC23FEBA8C00928CC5 /* Resources */ = {
			isa = PBXResourcesBuildPhase;
			buildActionMask = 2147483647;
			files = (
				2C0ADDEF23FEBA8D00928CC5 /* Main.storyboard in Resources */,
				2C0ADDEC23FEBA8D00928CC5 /* Preview Assets.xcassets in Resources */,
				2C0ADDE923FEBA8D00928CC5 /* Assets.xcassets in Resources */,
			);
			runOnlyForDeploymentPostprocessing = 0;
		};
		2C0ADDF423FEBA8D00928CC5 /* Resources */ = {
			isa = PBXResourcesBuildPhase;
			buildActionMask = 2147483647;
			files = (
			);
			runOnlyForDeploymentPostprocessing = 0;
		};
		2C0ADDFF23FEBA8E00928CC5 /* Resources */ = {
			isa = PBXResourcesBuildPhase;
			buildActionMask = 2147483647;
			files = (
			);
			runOnlyForDeploymentPostprocessing = 0;
		};
/* End PBXResourcesBuildPhase section */

/* Begin PBXShellScriptBuildPhase section */
		1A5646245E2C4735A15BE60E /* [CP] Embed Pods Frameworks */ = {
			isa = PBXShellScriptBuildPhase;
			buildActionMask = 2147483647;
			files = (
			);
			inputFileListPaths = (
				"${PODS_ROOT}/Target Support Files/Pods-Take That Break/Pods-Take That Break-frameworks-${CONFIGURATION}-input-files.xcfilelist",
			);
			name = "[CP] Embed Pods Frameworks";
			outputFileListPaths = (
				"${PODS_ROOT}/Target Support Files/Pods-Take That Break/Pods-Take That Break-frameworks-${CONFIGURATION}-output-files.xcfilelist",
			);
			runOnlyForDeploymentPostprocessing = 0;
			shellPath = /bin/sh;
			shellScript = "\"${PODS_ROOT}/Target Support Files/Pods-Take That Break/Pods-Take That Break-frameworks.sh\"\n";
			showEnvVarsInLog = 0;
		};
		28589A5A263B64C44689A111 /* [CP] Check Pods Manifest.lock */ = {
			isa = PBXShellScriptBuildPhase;
			buildActionMask = 2147483647;
			files = (
			);
			inputFileListPaths = (
			);
			inputPaths = (
				"${PODS_PODFILE_DIR_PATH}/Podfile.lock",
				"${PODS_ROOT}/Manifest.lock",
			);
			name = "[CP] Check Pods Manifest.lock";
			outputFileListPaths = (
			);
			outputPaths = (
				"$(DERIVED_FILE_DIR)/Pods-Take That BreakTests-checkManifestLockResult.txt",
			);
			runOnlyForDeploymentPostprocessing = 0;
			shellPath = /bin/sh;
			shellScript = "diff \"${PODS_PODFILE_DIR_PATH}/Podfile.lock\" \"${PODS_ROOT}/Manifest.lock\" > /dev/null\nif [ $? != 0 ] ; then\n    # print error to STDERR\n    echo \"error: The sandbox is not in sync with the Podfile.lock. Run 'pod install' or update your CocoaPods installation.\" >&2\n    exit 1\nfi\n# This output is used by Xcode 'outputs' to avoid re-running this script phase.\necho \"SUCCESS\" > \"${SCRIPT_OUTPUT_FILE_0}\"\n";
			showEnvVarsInLog = 0;
		};
		2B413638CCA8FEF3654BFF96 /* [CP] Embed Pods Frameworks */ = {
			isa = PBXShellScriptBuildPhase;
			buildActionMask = 2147483647;
			files = (
			);
			inputFileListPaths = (
				"${PODS_ROOT}/Target Support Files/Pods-Take That Break-Take That BreakUITests/Pods-Take That Break-Take That BreakUITests-frameworks-${CONFIGURATION}-input-files.xcfilelist",
			);
			name = "[CP] Embed Pods Frameworks";
			outputFileListPaths = (
				"${PODS_ROOT}/Target Support Files/Pods-Take That Break-Take That BreakUITests/Pods-Take That Break-Take That BreakUITests-frameworks-${CONFIGURATION}-output-files.xcfilelist",
			);
			runOnlyForDeploymentPostprocessing = 0;
			shellPath = /bin/sh;
			shellScript = "\"${PODS_ROOT}/Target Support Files/Pods-Take That Break-Take That BreakUITests/Pods-Take That Break-Take That BreakUITests-frameworks.sh\"\n";
			showEnvVarsInLog = 0;
		};
		EB75012DFDF9801E88604EF4 /* [CP] Check Pods Manifest.lock */ = {
			isa = PBXShellScriptBuildPhase;
			buildActionMask = 2147483647;
			files = (
			);
			inputFileListPaths = (
			);
			inputPaths = (
				"${PODS_PODFILE_DIR_PATH}/Podfile.lock",
				"${PODS_ROOT}/Manifest.lock",
			);
			name = "[CP] Check Pods Manifest.lock";
			outputFileListPaths = (
			);
			outputPaths = (
				"$(DERIVED_FILE_DIR)/Pods-Take That Break-checkManifestLockResult.txt",
			);
			runOnlyForDeploymentPostprocessing = 0;
			shellPath = /bin/sh;
			shellScript = "diff \"${PODS_PODFILE_DIR_PATH}/Podfile.lock\" \"${PODS_ROOT}/Manifest.lock\" > /dev/null\nif [ $? != 0 ] ; then\n    # print error to STDERR\n    echo \"error: The sandbox is not in sync with the Podfile.lock. Run 'pod install' or update your CocoaPods installation.\" >&2\n    exit 1\nfi\n# This output is used by Xcode 'outputs' to avoid re-running this script phase.\necho \"SUCCESS\" > \"${SCRIPT_OUTPUT_FILE_0}\"\n";
			showEnvVarsInLog = 0;
		};
		ECF2F72C916FE7B15A0C05CE /* [CP] Check Pods Manifest.lock */ = {
			isa = PBXShellScriptBuildPhase;
			buildActionMask = 2147483647;
			files = (
			);
			inputFileListPaths = (
			);
			inputPaths = (
				"${PODS_PODFILE_DIR_PATH}/Podfile.lock",
				"${PODS_ROOT}/Manifest.lock",
			);
			name = "[CP] Check Pods Manifest.lock";
			outputFileListPaths = (
			);
			outputPaths = (
				"$(DERIVED_FILE_DIR)/Pods-Take That Break-Take That BreakUITests-checkManifestLockResult.txt",
			);
			runOnlyForDeploymentPostprocessing = 0;
			shellPath = /bin/sh;
			shellScript = "diff \"${PODS_PODFILE_DIR_PATH}/Podfile.lock\" \"${PODS_ROOT}/Manifest.lock\" > /dev/null\nif [ $? != 0 ] ; then\n    # print error to STDERR\n    echo \"error: The sandbox is not in sync with the Podfile.lock. Run 'pod install' or update your CocoaPods installation.\" >&2\n    exit 1\nfi\n# This output is used by Xcode 'outputs' to avoid re-running this script phase.\necho \"SUCCESS\" > \"${SCRIPT_OUTPUT_FILE_0}\"\n";
			showEnvVarsInLog = 0;
		};
/* End PBXShellScriptBuildPhase section */

/* Begin PBXSourcesBuildPhase section */
		2C0ADDDA23FEBA8C00928CC5 /* Sources */ = {
			isa = PBXSourcesBuildPhase;
			buildActionMask = 2147483647;
			files = (
				2C0ADDE723FEBA8C00928CC5 /* Take_That_Break.xcdatamodeld in Sources */,
				2C0ADDE223FEBA8C00928CC5 /* AppDelegate.swift in Sources */,
				2C0BF988240019B300A02D49 /* PreferencesViewController.swift in Sources */,
				2CD4571E240538A0009A8C7C /* Constants.swift in Sources */,
				2CD4572024053FF3009A8C7C /* TimeForBreakViewController.swift in Sources */,
			);
			runOnlyForDeploymentPostprocessing = 0;
		};
		2C0ADDF223FEBA8D00928CC5 /* Sources */ = {
			isa = PBXSourcesBuildPhase;
			buildActionMask = 2147483647;
			files = (
				2C0ADDFB23FEBA8D00928CC5 /* Take_That_BreakTests.swift in Sources */,
			);
			runOnlyForDeploymentPostprocessing = 0;
		};
		2C0ADDFD23FEBA8E00928CC5 /* Sources */ = {
			isa = PBXSourcesBuildPhase;
			buildActionMask = 2147483647;
			files = (
				2C0ADE0623FEBA8E00928CC5 /* Take_That_BreakUITests.swift in Sources */,
			);
			runOnlyForDeploymentPostprocessing = 0;
		};
/* End PBXSourcesBuildPhase section */

/* Begin PBXTargetDependency section */
		2C0ADDF823FEBA8D00928CC5 /* PBXTargetDependency */ = {
			isa = PBXTargetDependency;
			target = 2C0ADDDD23FEBA8C00928CC5 /* Take That Break */;
			targetProxy = 2C0ADDF723FEBA8D00928CC5 /* PBXContainerItemProxy */;
		};
		2C0ADE0323FEBA8E00928CC5 /* PBXTargetDependency */ = {
			isa = PBXTargetDependency;
			target = 2C0ADDDD23FEBA8C00928CC5 /* Take That Break */;
			targetProxy = 2C0ADE0223FEBA8E00928CC5 /* PBXContainerItemProxy */;
		};
/* End PBXTargetDependency section */

/* Begin PBXVariantGroup section */
		2C0ADDED23FEBA8D00928CC5 /* Main.storyboard */ = {
			isa = PBXVariantGroup;
			children = (
				2C0ADDEE23FEBA8D00928CC5 /* Base */,
			);
			name = Main.storyboard;
			sourceTree = "<group>";
		};
/* End PBXVariantGroup section */

/* Begin XCBuildConfiguration section */
		2C0ADE0823FEBA8E00928CC5 /* Debug */ = {
			isa = XCBuildConfiguration;
			baseConfigurationReference = 2C0BF98A24003A9400A02D49 /* Development.xcconfig */;
			buildSettings = {
				ALWAYS_SEARCH_USER_PATHS = NO;
				CLANG_ANALYZER_NONNULL = YES;
				CLANG_ANALYZER_NUMBER_OBJECT_CONVERSION = YES_AGGRESSIVE;
				CLANG_CXX_LANGUAGE_STANDARD = "gnu++14";
				CLANG_CXX_LIBRARY = "libc++";
				CLANG_ENABLE_MODULES = YES;
				CLANG_ENABLE_OBJC_ARC = YES;
				CLANG_ENABLE_OBJC_WEAK = YES;
				CLANG_WARN_BLOCK_CAPTURE_AUTORELEASING = YES;
				CLANG_WARN_BOOL_CONVERSION = YES;
				CLANG_WARN_COMMA = YES;
				CLANG_WARN_CONSTANT_CONVERSION = YES;
				CLANG_WARN_DEPRECATED_OBJC_IMPLEMENTATIONS = YES;
				CLANG_WARN_DIRECT_OBJC_ISA_USAGE = YES_ERROR;
				CLANG_WARN_DOCUMENTATION_COMMENTS = YES;
				CLANG_WARN_EMPTY_BODY = YES;
				CLANG_WARN_ENUM_CONVERSION = YES;
				CLANG_WARN_INFINITE_RECURSION = YES;
				CLANG_WARN_INT_CONVERSION = YES;
				CLANG_WARN_NON_LITERAL_NULL_CONVERSION = YES;
				CLANG_WARN_OBJC_IMPLICIT_RETAIN_SELF = YES;
				CLANG_WARN_OBJC_LITERAL_CONVERSION = YES;
				CLANG_WARN_OBJC_ROOT_CLASS = YES_ERROR;
				CLANG_WARN_RANGE_LOOP_ANALYSIS = YES;
				CLANG_WARN_STRICT_PROTOTYPES = YES;
				CLANG_WARN_SUSPICIOUS_MOVE = YES;
				CLANG_WARN_UNGUARDED_AVAILABILITY = YES_AGGRESSIVE;
				CLANG_WARN_UNREACHABLE_CODE = YES;
				CLANG_WARN__DUPLICATE_METHOD_MATCH = YES;
				COPY_PHASE_STRIP = NO;
				DEBUG_INFORMATION_FORMAT = dwarf;
				ENABLE_STRICT_OBJC_MSGSEND = YES;
				ENABLE_TESTABILITY = YES;
				GCC_C_LANGUAGE_STANDARD = gnu11;
				GCC_DYNAMIC_NO_PIC = NO;
				GCC_NO_COMMON_BLOCKS = YES;
				GCC_OPTIMIZATION_LEVEL = 0;
				GCC_PREPROCESSOR_DEFINITIONS = (
					"DEBUG=1",
					"$(inherited)",
				);
				GCC_WARN_64_TO_32_BIT_CONVERSION = YES;
				GCC_WARN_ABOUT_RETURN_TYPE = YES_ERROR;
				GCC_WARN_UNDECLARED_SELECTOR = YES;
				GCC_WARN_UNINITIALIZED_AUTOS = YES_AGGRESSIVE;
				GCC_WARN_UNUSED_FUNCTION = YES;
				GCC_WARN_UNUSED_VARIABLE = YES;
				MACOSX_DEPLOYMENT_TARGET = 10.15;
				MTL_ENABLE_DEBUG_INFO = INCLUDE_SOURCE;
				MTL_FAST_MATH = YES;
				ONLY_ACTIVE_ARCH = YES;
				SDKROOT = macosx;
				SWIFT_ACTIVE_COMPILATION_CONDITIONS = DEBUG;
				SWIFT_OPTIMIZATION_LEVEL = "-Onone";
			};
			name = Debug;
		};
		2C0ADE0923FEBA8E00928CC5 /* Release */ = {
			isa = XCBuildConfiguration;
			baseConfigurationReference = 2C0BF98C24003B0C00A02D49 /* Production.xcconfig */;
			buildSettings = {
				ALWAYS_SEARCH_USER_PATHS = NO;
				CLANG_ANALYZER_NONNULL = YES;
				CLANG_ANALYZER_NUMBER_OBJECT_CONVERSION = YES_AGGRESSIVE;
				CLANG_CXX_LANGUAGE_STANDARD = "gnu++14";
				CLANG_CXX_LIBRARY = "libc++";
				CLANG_ENABLE_MODULES = YES;
				CLANG_ENABLE_OBJC_ARC = YES;
				CLANG_ENABLE_OBJC_WEAK = YES;
				CLANG_WARN_BLOCK_CAPTURE_AUTORELEASING = YES;
				CLANG_WARN_BOOL_CONVERSION = YES;
				CLANG_WARN_COMMA = YES;
				CLANG_WARN_CONSTANT_CONVERSION = YES;
				CLANG_WARN_DEPRECATED_OBJC_IMPLEMENTATIONS = YES;
				CLANG_WARN_DIRECT_OBJC_ISA_USAGE = YES_ERROR;
				CLANG_WARN_DOCUMENTATION_COMMENTS = YES;
				CLANG_WARN_EMPTY_BODY = YES;
				CLANG_WARN_ENUM_CONVERSION = YES;
				CLANG_WARN_INFINITE_RECURSION = YES;
				CLANG_WARN_INT_CONVERSION = YES;
				CLANG_WARN_NON_LITERAL_NULL_CONVERSION = YES;
				CLANG_WARN_OBJC_IMPLICIT_RETAIN_SELF = YES;
				CLANG_WARN_OBJC_LITERAL_CONVERSION = YES;
				CLANG_WARN_OBJC_ROOT_CLASS = YES_ERROR;
				CLANG_WARN_RANGE_LOOP_ANALYSIS = YES;
				CLANG_WARN_STRICT_PROTOTYPES = YES;
				CLANG_WARN_SUSPICIOUS_MOVE = YES;
				CLANG_WARN_UNGUARDED_AVAILABILITY = YES_AGGRESSIVE;
				CLANG_WARN_UNREACHABLE_CODE = YES;
				CLANG_WARN__DUPLICATE_METHOD_MATCH = YES;
				COPY_PHASE_STRIP = NO;
				DEBUG_INFORMATION_FORMAT = "dwarf-with-dsym";
				ENABLE_NS_ASSERTIONS = NO;
				ENABLE_STRICT_OBJC_MSGSEND = YES;
				GCC_C_LANGUAGE_STANDARD = gnu11;
				GCC_NO_COMMON_BLOCKS = YES;
				GCC_WARN_64_TO_32_BIT_CONVERSION = YES;
				GCC_WARN_ABOUT_RETURN_TYPE = YES_ERROR;
				GCC_WARN_UNDECLARED_SELECTOR = YES;
				GCC_WARN_UNINITIALIZED_AUTOS = YES_AGGRESSIVE;
				GCC_WARN_UNUSED_FUNCTION = YES;
				GCC_WARN_UNUSED_VARIABLE = YES;
				MACOSX_DEPLOYMENT_TARGET = 10.15;
				MTL_ENABLE_DEBUG_INFO = NO;
				MTL_FAST_MATH = YES;
				SDKROOT = macosx;
				SWIFT_COMPILATION_MODE = wholemodule;
				SWIFT_OPTIMIZATION_LEVEL = "-O";
			};
			name = Release;
		};
		2C0ADE0B23FEBA8E00928CC5 /* Debug */ = {
			isa = XCBuildConfiguration;
			baseConfigurationReference = 2C0BF98A24003A9400A02D49 /* Development.xcconfig */;
			buildSettings = {
				ASSETCATALOG_COMPILER_APPICON_NAME = AppIcon;
				CODE_SIGN_ENTITLEMENTS = "Take That Break/Take_That_Break.entitlements";
				CODE_SIGN_STYLE = Automatic;
				COMBINE_HIDPI_IMAGES = YES;
				DEVELOPMENT_ASSET_PATHS = "\"Take That Break/Preview Content\"";
				DEVELOPMENT_TEAM = AR494XTABA;
				ENABLE_HARDENED_RUNTIME = YES;
				ENABLE_PREVIEWS = YES;
				INFOPLIST_FILE = "Take That Break/Info.plist";
				LD_RUNPATH_SEARCH_PATHS = (
					"$(inherited)",
					"@executable_path/../Frameworks",
				);
				MACOSX_DEPLOYMENT_TARGET = 10.15;
				PRODUCT_BUNDLE_IDENTIFIER = "xyz.strugardragos.Take-That-Break";
				PRODUCT_NAME = "$(TARGET_NAME)";
				SWIFT_VERSION = 5.0;
			};
			name = Debug;
		};
		2C0ADE0C23FEBA8E00928CC5 /* Release */ = {
			isa = XCBuildConfiguration;
			baseConfigurationReference = 2C0BF98C24003B0C00A02D49 /* Production.xcconfig */;
			buildSettings = {
				ASSETCATALOG_COMPILER_APPICON_NAME = AppIcon;
				CODE_SIGN_ENTITLEMENTS = "Take That Break/Take_That_Break.entitlements";
				CODE_SIGN_STYLE = Automatic;
				COMBINE_HIDPI_IMAGES = YES;
				DEVELOPMENT_ASSET_PATHS = "\"Take That Break/Preview Content\"";
				DEVELOPMENT_TEAM = AR494XTABA;
				ENABLE_HARDENED_RUNTIME = YES;
				ENABLE_PREVIEWS = YES;
				INFOPLIST_FILE = "Take That Break/Info.plist";
				LD_RUNPATH_SEARCH_PATHS = (
					"$(inherited)",
					"@executable_path/../Frameworks",
				);
				MACOSX_DEPLOYMENT_TARGET = 10.15;
				PRODUCT_BUNDLE_IDENTIFIER = "xyz.strugardragos.Take-That-Break";
				PRODUCT_NAME = "$(TARGET_NAME)";
				SWIFT_VERSION = 5.0;
			};
			name = Release;
		};
		2C0ADE0E23FEBA8E00928CC5 /* Debug */ = {
			isa = XCBuildConfiguration;
			baseConfigurationReference = 2C0BF98A24003A9400A02D49 /* Development.xcconfig */;
			buildSettings = {
				ALWAYS_EMBED_SWIFT_STANDARD_LIBRARIES = YES;
				BUNDLE_LOADER = "$(TEST_HOST)";
				CODE_SIGN_STYLE = Automatic;
				COMBINE_HIDPI_IMAGES = YES;
				DEVELOPMENT_TEAM = AR494XTABA;
				INFOPLIST_FILE = "Take That BreakTests/Info.plist";
				LD_RUNPATH_SEARCH_PATHS = (
					"$(inherited)",
					"@executable_path/../Frameworks",
					"@loader_path/../Frameworks",
				);
				MACOSX_DEPLOYMENT_TARGET = 10.15;
				PRODUCT_BUNDLE_IDENTIFIER = "xyz.strugardragos.Take-That-BreakTests";
				PRODUCT_NAME = "$(TARGET_NAME)";
				SWIFT_VERSION = 5.0;
				TEST_HOST = "$(BUILT_PRODUCTS_DIR)/Take That Break.app/Contents/MacOS/Take That Break";
			};
			name = Debug;
		};
		2C0ADE0F23FEBA8E00928CC5 /* Release */ = {
			isa = XCBuildConfiguration;
			baseConfigurationReference = 2C0BF98C24003B0C00A02D49 /* Production.xcconfig */;
			buildSettings = {
				ALWAYS_EMBED_SWIFT_STANDARD_LIBRARIES = YES;
				BUNDLE_LOADER = "$(TEST_HOST)";
				CODE_SIGN_STYLE = Automatic;
				COMBINE_HIDPI_IMAGES = YES;
				DEVELOPMENT_TEAM = AR494XTABA;
				INFOPLIST_FILE = "Take That BreakTests/Info.plist";
				LD_RUNPATH_SEARCH_PATHS = (
					"$(inherited)",
					"@executable_path/../Frameworks",
					"@loader_path/../Frameworks",
				);
				MACOSX_DEPLOYMENT_TARGET = 10.15;
				PRODUCT_BUNDLE_IDENTIFIER = "xyz.strugardragos.Take-That-BreakTests";
				PRODUCT_NAME = "$(TARGET_NAME)";
				SWIFT_VERSION = 5.0;
				TEST_HOST = "$(BUILT_PRODUCTS_DIR)/Take That Break.app/Contents/MacOS/Take That Break";
			};
			name = Release;
		};
		2C0ADE1123FEBA8E00928CC5 /* Debug */ = {
			isa = XCBuildConfiguration;
			baseConfigurationReference = 2C0BF98A24003A9400A02D49 /* Development.xcconfig */;
			buildSettings = {
				ALWAYS_EMBED_SWIFT_STANDARD_LIBRARIES = YES;
				CODE_SIGN_STYLE = Automatic;
				COMBINE_HIDPI_IMAGES = YES;
				DEVELOPMENT_TEAM = AR494XTABA;
				INFOPLIST_FILE = "Take That BreakUITests/Info.plist";
				LD_RUNPATH_SEARCH_PATHS = (
					"$(inherited)",
					"@executable_path/../Frameworks",
					"@loader_path/../Frameworks",
				);
				PRODUCT_BUNDLE_IDENTIFIER = "xyz.strugardragos.Take-That-BreakUITests";
				PRODUCT_NAME = "$(TARGET_NAME)";
				SWIFT_VERSION = 5.0;
				TEST_TARGET_NAME = "Take That Break";
			};
			name = Debug;
		};
		2C0ADE1223FEBA8E00928CC5 /* Release */ = {
			isa = XCBuildConfiguration;
			baseConfigurationReference = 2C0BF98C24003B0C00A02D49 /* Production.xcconfig */;
			buildSettings = {
				ALWAYS_EMBED_SWIFT_STANDARD_LIBRARIES = YES;
				CODE_SIGN_STYLE = Automatic;
				COMBINE_HIDPI_IMAGES = YES;
				DEVELOPMENT_TEAM = AR494XTABA;
				INFOPLIST_FILE = "Take That BreakUITests/Info.plist";
				LD_RUNPATH_SEARCH_PATHS = (
					"$(inherited)",
					"@executable_path/../Frameworks",
					"@loader_path/../Frameworks",
				);
				PRODUCT_BUNDLE_IDENTIFIER = "xyz.strugardragos.Take-That-BreakUITests";
				PRODUCT_NAME = "$(TARGET_NAME)";
				SWIFT_VERSION = 5.0;
				TEST_TARGET_NAME = "Take That Break";
			};
			name = Release;
		};
/* End XCBuildConfiguration section */

/* Begin XCConfigurationList section */
		2C0ADDD923FEBA8C00928CC5 /* Build configuration list for PBXProject "Take That Break" */ = {
			isa = XCConfigurationList;
			buildConfigurations = (
				2C0ADE0823FEBA8E00928CC5 /* Debug */,
				2C0ADE0923FEBA8E00928CC5 /* Release */,
			);
			defaultConfigurationIsVisible = 0;
			defaultConfigurationName = Release;
		};
		2C0ADE0A23FEBA8E00928CC5 /* Build configuration list for PBXNativeTarget "Take That Break" */ = {
			isa = XCConfigurationList;
			buildConfigurations = (
				2C0ADE0B23FEBA8E00928CC5 /* Debug */,
				2C0ADE0C23FEBA8E00928CC5 /* Release */,
			);
			defaultConfigurationIsVisible = 0;
			defaultConfigurationName = Release;
		};
		2C0ADE0D23FEBA8E00928CC5 /* Build configuration list for PBXNativeTarget "Take That BreakTests" */ = {
			isa = XCConfigurationList;
			buildConfigurations = (
				2C0ADE0E23FEBA8E00928CC5 /* Debug */,
				2C0ADE0F23FEBA8E00928CC5 /* Release */,
			);
			defaultConfigurationIsVisible = 0;
			defaultConfigurationName = Release;
		};
		2C0ADE1023FEBA8E00928CC5 /* Build configuration list for PBXNativeTarget "Take That BreakUITests" */ = {
			isa = XCConfigurationList;
			buildConfigurations = (
				2C0ADE1123FEBA8E00928CC5 /* Debug */,
				2C0ADE1223FEBA8E00928CC5 /* Release */,
			);
			defaultConfigurationIsVisible = 0;
			defaultConfigurationName = Release;
		};
/* End XCConfigurationList section */

/* Begin XCVersionGroup section */
		2C0ADDE523FEBA8C00928CC5 /* Take_That_Break.xcdatamodeld */ = {
			isa = XCVersionGroup;
			children = (
				2C0ADDE623FEBA8C00928CC5 /* Take_That_Break.xcdatamodel */,
			);
			currentVersion = 2C0ADDE623FEBA8C00928CC5 /* Take_That_Break.xcdatamodel */;
			path = Take_That_Break.xcdatamodeld;
			sourceTree = "<group>";
			versionGroupType = wrapper.xcdatamodel;
		};
/* End XCVersionGroup section */
	};
	rootObject = 2C0ADDD623FEBA8C00928CC5 /* Project object */;
}
